// !$*UTF8*$!
{
	archiveVersion = 1;
	classes = {
	};
	objectVersion = 51;
	objects = {

/* Begin PBXBuildFile section */
		5B067CE427923FFE00265B36 /* FailureView.swift in Sources */ = {isa = PBXBuildFile; fileRef = 5B067CE227923FFE00265B36 /* FailureView.swift */; };
		5B067CE527923FFE00265B36 /* FailureView.xib in Resources */ = {isa = PBXBuildFile; fileRef = 5B067CE327923FFE00265B36 /* FailureView.xib */; };
		5B3A5A652791743D00781CDC /* AppDelegate.swift in Sources */ = {isa = PBXBuildFile; fileRef = 5B3A5A642791743D00781CDC /* AppDelegate.swift */; };
		5B3A5A692791743D00781CDC /* ViewController.swift in Sources */ = {isa = PBXBuildFile; fileRef = 5B3A5A682791743D00781CDC /* ViewController.swift */; };
		5B3A5A6C2791743D00781CDC /* Main.storyboard in Resources */ = {isa = PBXBuildFile; fileRef = 5B3A5A6A2791743D00781CDC /* Main.storyboard */; };
		5B3A5A6E2791744200781CDC /* Assets.xcassets in Resources */ = {isa = PBXBuildFile; fileRef = 5B3A5A6D2791744200781CDC /* Assets.xcassets */; };
		5B3A5A712791744300781CDC /* LaunchScreen.storyboard in Resources */ = {isa = PBXBuildFile; fileRef = 5B3A5A6F2791744300781CDC /* LaunchScreen.storyboard */; };
		5B3A5A7C2791744300781CDC /* IMDBMovieDatabaseTests.swift in Sources */ = {isa = PBXBuildFile; fileRef = 5B3A5A7B2791744300781CDC /* IMDBMovieDatabaseTests.swift */; };
		5B3A5A872791744300781CDC /* IMDBMovieDatabaseUITests.swift in Sources */ = {isa = PBXBuildFile; fileRef = 5B3A5A862791744300781CDC /* IMDBMovieDatabaseUITests.swift */; };
		5B600A6027918B0A00AD53DB /* MoviesListViewController.swift in Sources */ = {isa = PBXBuildFile; fileRef = 5B600A5E27918B0A00AD53DB /* MoviesListViewController.swift */; };
		5B600A6127918B0A00AD53DB /* MoviesListViewController.xib in Resources */ = {isa = PBXBuildFile; fileRef = 5B600A5F27918B0A00AD53DB /* MoviesListViewController.xib */; };
		5B600A692791923400AD53DB /* MovieTableViewCell.swift in Sources */ = {isa = PBXBuildFile; fileRef = 5B600A672791923400AD53DB /* MovieTableViewCell.swift */; };
		5B600A6A2791923400AD53DB /* MovieTableViewCell.xib in Resources */ = {isa = PBXBuildFile; fileRef = 5B600A682791923400AD53DB /* MovieTableViewCell.xib */; };
		5B600A6F2791A3A400AD53DB /* Reusable.swift in Sources */ = {isa = PBXBuildFile; fileRef = 5B600A6E2791A3A400AD53DB /* Reusable.swift */; };
		5B600A772791CF4400AD53DB /* APIKey.swift in Sources */ = {isa = PBXBuildFile; fileRef = 5B600A762791CF4400AD53DB /* APIKey.swift */; };
		5B600A7C2791D1AF00AD53DB /* APIKeys.plist in Resources */ = {isa = PBXBuildFile; fileRef = 5B600A7B2791D1AF00AD53DB /* APIKeys.plist */; };
		5B600A852791E63400AD53DB /* NetworkManager.swift in Sources */ = {isa = PBXBuildFile; fileRef = 5B600A842791E63400AD53DB /* NetworkManager.swift */; };
		5B600A8D2792150300AD53DB /* MoviesListViewModel.swift in Sources */ = {isa = PBXBuildFile; fileRef = 5B600A8C2792150300AD53DB /* MoviesListViewModel.swift */; };
		5B600A922792186400AD53DB /* MoviesNetworkManager.swift in Sources */ = {isa = PBXBuildFile; fileRef = 5B600A912792186400AD53DB /* MoviesNetworkManager.swift */; };
		5BC03B7C27917B7E00A64268 /* ImdbAPI.swift in Sources */ = {isa = PBXBuildFile; fileRef = 5BC03B7B27917B7E00A64268 /* ImdbAPI.swift */; };
		5BC03B8127917BDA00A64268 /* Connectivity.swift in Sources */ = {isa = PBXBuildFile; fileRef = 5BC03B8027917BDA00A64268 /* Connectivity.swift */; };
		5BC03B8627917BE800A64268 /* NetworkError.swift in Sources */ = {isa = PBXBuildFile; fileRef = 5BC03B8527917BE800A64268 /* NetworkError.swift */; };
		5BC03B8C27917C1400A64268 /* Extensions.swift in Sources */ = {isa = PBXBuildFile; fileRef = 5BC03B8B27917C1400A64268 /* Extensions.swift */; };
		5BC03BA42791834900A64268 /* Movie.swift in Sources */ = {isa = PBXBuildFile; fileRef = 5BC03BA32791834900A64268 /* Movie.swift */; };
		5BFA33FF2793232500BA0150 /* MoviesRepo.swift in Sources */ = {isa = PBXBuildFile; fileRef = 5BFA33FE2793232500BA0150 /* MoviesRepo.swift */; };
		6A547D9CE0C35065E18183AD /* Pods_IMDBMovieDatabase.framework in Frameworks */ = {isa = PBXBuildFile; fileRef = FD41EF7D87C822ABF8ADCE02 /* Pods_IMDBMovieDatabase.framework */; };
		9452DE1382D02E81D71365A2 /* Pods_IMDBMovieDatabase_IMDBMovieDatabaseUITests.framework in Frameworks */ = {isa = PBXBuildFile; fileRef = 53F2809DC593A0984411E7BE /* Pods_IMDBMovieDatabase_IMDBMovieDatabaseUITests.framework */; };
		B4A6079B00B07384FFCE0E85 /* Pods_IMDBMovieDatabaseTests.framework in Frameworks */ = {isa = PBXBuildFile; fileRef = CE1CF8F6308BA8DA20751F29 /* Pods_IMDBMovieDatabaseTests.framework */; };
/* End PBXBuildFile section */

/* Begin PBXContainerItemProxy section */
		5B3A5A782791744300781CDC /* PBXContainerItemProxy */ = {
			isa = PBXContainerItemProxy;
			containerPortal = 5B3A5A592791743D00781CDC /* Project object */;
			proxyType = 1;
			remoteGlobalIDString = 5B3A5A602791743D00781CDC;
			remoteInfo = IMDBMovieDatabase;
		};
		5B3A5A832791744300781CDC /* PBXContainerItemProxy */ = {
			isa = PBXContainerItemProxy;
			containerPortal = 5B3A5A592791743D00781CDC /* Project object */;
			proxyType = 1;
			remoteGlobalIDString = 5B3A5A602791743D00781CDC;
			remoteInfo = IMDBMovieDatabase;
		};
/* End PBXContainerItemProxy section */

/* Begin PBXFileReference section */
		20D2654B65A271BAB6E04802 /* Pods-IMDBMovieDatabase-IMDBMovieDatabaseUITests.debug.xcconfig */ = {isa = PBXFileReference; includeInIndex = 1; lastKnownFileType = text.xcconfig; name = "Pods-IMDBMovieDatabase-IMDBMovieDatabaseUITests.debug.xcconfig"; path = "Target Support Files/Pods-IMDBMovieDatabase-IMDBMovieDatabaseUITests/Pods-IMDBMovieDatabase-IMDBMovieDatabaseUITests.debug.xcconfig"; sourceTree = "<group>"; };
		53F2809DC593A0984411E7BE /* Pods_IMDBMovieDatabase_IMDBMovieDatabaseUITests.framework */ = {isa = PBXFileReference; explicitFileType = wrapper.framework; includeInIndex = 0; path = Pods_IMDBMovieDatabase_IMDBMovieDatabaseUITests.framework; sourceTree = BUILT_PRODUCTS_DIR; };
		595C4585B1AAB9D2522D69D7 /* Pods-IMDBMovieDatabaseTests.release.xcconfig */ = {isa = PBXFileReference; includeInIndex = 1; lastKnownFileType = text.xcconfig; name = "Pods-IMDBMovieDatabaseTests.release.xcconfig"; path = "Target Support Files/Pods-IMDBMovieDatabaseTests/Pods-IMDBMovieDatabaseTests.release.xcconfig"; sourceTree = "<group>"; };
		5B067CE227923FFE00265B36 /* FailureView.swift */ = {isa = PBXFileReference; fileEncoding = 4; lastKnownFileType = sourcecode.swift; path = FailureView.swift; sourceTree = "<group>"; };
		5B067CE327923FFE00265B36 /* FailureView.xib */ = {isa = PBXFileReference; fileEncoding = 4; lastKnownFileType = file.xib; path = FailureView.xib; sourceTree = "<group>"; };
		5B3A5A612791743D00781CDC /* IMDBMovieDatabase.app */ = {isa = PBXFileReference; explicitFileType = wrapper.application; includeInIndex = 0; path = IMDBMovieDatabase.app; sourceTree = BUILT_PRODUCTS_DIR; };
		5B3A5A642791743D00781CDC /* AppDelegate.swift */ = {isa = PBXFileReference; lastKnownFileType = sourcecode.swift; path = AppDelegate.swift; sourceTree = "<group>"; };
		5B3A5A682791743D00781CDC /* ViewController.swift */ = {isa = PBXFileReference; lastKnownFileType = sourcecode.swift; path = ViewController.swift; sourceTree = "<group>"; };
		5B3A5A6B2791743D00781CDC /* Base */ = {isa = PBXFileReference; lastKnownFileType = file.storyboard; name = Base; path = Base.lproj/Main.storyboard; sourceTree = "<group>"; };
		5B3A5A6D2791744200781CDC /* Assets.xcassets */ = {isa = PBXFileReference; lastKnownFileType = folder.assetcatalog; path = Assets.xcassets; sourceTree = "<group>"; };
		5B3A5A702791744300781CDC /* Base */ = {isa = PBXFileReference; lastKnownFileType = file.storyboard; name = Base; path = Base.lproj/LaunchScreen.storyboard; sourceTree = "<group>"; };
		5B3A5A722791744300781CDC /* Info.plist */ = {isa = PBXFileReference; lastKnownFileType = text.plist.xml; path = Info.plist; sourceTree = "<group>"; };
		5B3A5A772791744300781CDC /* IMDBMovieDatabaseTests.xctest */ = {isa = PBXFileReference; explicitFileType = wrapper.cfbundle; includeInIndex = 0; path = IMDBMovieDatabaseTests.xctest; sourceTree = BUILT_PRODUCTS_DIR; };
		5B3A5A7B2791744300781CDC /* IMDBMovieDatabaseTests.swift */ = {isa = PBXFileReference; lastKnownFileType = sourcecode.swift; path = IMDBMovieDatabaseTests.swift; sourceTree = "<group>"; };
		5B3A5A7D2791744300781CDC /* Info.plist */ = {isa = PBXFileReference; lastKnownFileType = text.plist.xml; path = Info.plist; sourceTree = "<group>"; };
		5B3A5A822791744300781CDC /* IMDBMovieDatabaseUITests.xctest */ = {isa = PBXFileReference; explicitFileType = wrapper.cfbundle; includeInIndex = 0; path = IMDBMovieDatabaseUITests.xctest; sourceTree = BUILT_PRODUCTS_DIR; };
		5B3A5A862791744300781CDC /* IMDBMovieDatabaseUITests.swift */ = {isa = PBXFileReference; lastKnownFileType = sourcecode.swift; path = IMDBMovieDatabaseUITests.swift; sourceTree = "<group>"; };
		5B3A5A882791744300781CDC /* Info.plist */ = {isa = PBXFileReference; lastKnownFileType = text.plist.xml; path = Info.plist; sourceTree = "<group>"; };
		5B600A5E27918B0A00AD53DB /* MoviesListViewController.swift */ = {isa = PBXFileReference; lastKnownFileType = sourcecode.swift; name = MoviesListViewController.swift; path = IMDBMovieDatabase/Main/MoviesList/Controllers/MoviesListViewController.swift; sourceTree = SOURCE_ROOT; };
		5B600A5F27918B0A00AD53DB /* MoviesListViewController.xib */ = {isa = PBXFileReference; lastKnownFileType = file.xib; name = MoviesListViewController.xib; path = IMDBMovieDatabase/Main/MoviesList/Controllers/MoviesListViewController.xib; sourceTree = SOURCE_ROOT; };
		5B600A672791923400AD53DB /* MovieTableViewCell.swift */ = {isa = PBXFileReference; lastKnownFileType = sourcecode.swift; path = MovieTableViewCell.swift; sourceTree = "<group>"; };
		5B600A682791923400AD53DB /* MovieTableViewCell.xib */ = {isa = PBXFileReference; lastKnownFileType = file.xib; path = MovieTableViewCell.xib; sourceTree = "<group>"; };
		5B600A6E2791A3A400AD53DB /* Reusable.swift */ = {isa = PBXFileReference; lastKnownFileType = sourcecode.swift; path = Reusable.swift; sourceTree = "<group>"; };
		5B600A762791CF4400AD53DB /* APIKey.swift */ = {isa = PBXFileReference; lastKnownFileType = sourcecode.swift; path = APIKey.swift; sourceTree = "<group>"; };
		5B600A7B2791D1AF00AD53DB /* APIKeys.plist */ = {isa = PBXFileReference; lastKnownFileType = text.plist.xml; path = APIKeys.plist; sourceTree = "<group>"; };
		5B600A842791E63400AD53DB /* NetworkManager.swift */ = {isa = PBXFileReference; lastKnownFileType = sourcecode.swift; path = NetworkManager.swift; sourceTree = "<group>"; };
		5B600A8C2792150300AD53DB /* MoviesListViewModel.swift */ = {isa = PBXFileReference; lastKnownFileType = sourcecode.swift; path = MoviesListViewModel.swift; sourceTree = "<group>"; };
		5B600A912792186400AD53DB /* MoviesNetworkManager.swift */ = {isa = PBXFileReference; lastKnownFileType = sourcecode.swift; path = MoviesNetworkManager.swift; sourceTree = "<group>"; };
		5BC03B7B27917B7E00A64268 /* ImdbAPI.swift */ = {isa = PBXFileReference; lastKnownFileType = sourcecode.swift; path = ImdbAPI.swift; sourceTree = "<group>"; };
		5BC03B8027917BDA00A64268 /* Connectivity.swift */ = {isa = PBXFileReference; fileEncoding = 4; lastKnownFileType = sourcecode.swift; path = Connectivity.swift; sourceTree = "<group>"; };
		5BC03B8527917BE800A64268 /* NetworkError.swift */ = {isa = PBXFileReference; fileEncoding = 4; lastKnownFileType = sourcecode.swift; path = NetworkError.swift; sourceTree = "<group>"; };
		5BC03B8B27917C1400A64268 /* Extensions.swift */ = {isa = PBXFileReference; fileEncoding = 4; lastKnownFileType = sourcecode.swift; path = Extensions.swift; sourceTree = "<group>"; };
		5BC03BA32791834900A64268 /* Movie.swift */ = {isa = PBXFileReference; lastKnownFileType = sourcecode.swift; path = Movie.swift; sourceTree = "<group>"; };
		5BFA33FE2793232500BA0150 /* MoviesRepo.swift */ = {isa = PBXFileReference; lastKnownFileType = sourcecode.swift; path = MoviesRepo.swift; sourceTree = "<group>"; };
		6CCDCD907D50509FF58DC6F2 /* Pods-IMDBMovieDatabase.release.xcconfig */ = {isa = PBXFileReference; includeInIndex = 1; lastKnownFileType = text.xcconfig; name = "Pods-IMDBMovieDatabase.release.xcconfig"; path = "Target Support Files/Pods-IMDBMovieDatabase/Pods-IMDBMovieDatabase.release.xcconfig"; sourceTree = "<group>"; };
		9E9CB4AADF59DF6128ACDEA0 /* Pods-IMDBMovieDatabase.debug.xcconfig */ = {isa = PBXFileReference; includeInIndex = 1; lastKnownFileType = text.xcconfig; name = "Pods-IMDBMovieDatabase.debug.xcconfig"; path = "Target Support Files/Pods-IMDBMovieDatabase/Pods-IMDBMovieDatabase.debug.xcconfig"; sourceTree = "<group>"; };
		CE1CF8F6308BA8DA20751F29 /* Pods_IMDBMovieDatabaseTests.framework */ = {isa = PBXFileReference; explicitFileType = wrapper.framework; includeInIndex = 0; path = Pods_IMDBMovieDatabaseTests.framework; sourceTree = BUILT_PRODUCTS_DIR; };
		D67B65C5D4B14DD6276F7909 /* Pods-IMDBMovieDatabaseTests.debug.xcconfig */ = {isa = PBXFileReference; includeInIndex = 1; lastKnownFileType = text.xcconfig; name = "Pods-IMDBMovieDatabaseTests.debug.xcconfig"; path = "Target Support Files/Pods-IMDBMovieDatabaseTests/Pods-IMDBMovieDatabaseTests.debug.xcconfig"; sourceTree = "<group>"; };
		F9F01A2299C5ECE969D4FC74 /* Pods-IMDBMovieDatabase-IMDBMovieDatabaseUITests.release.xcconfig */ = {isa = PBXFileReference; includeInIndex = 1; lastKnownFileType = text.xcconfig; name = "Pods-IMDBMovieDatabase-IMDBMovieDatabaseUITests.release.xcconfig"; path = "Target Support Files/Pods-IMDBMovieDatabase-IMDBMovieDatabaseUITests/Pods-IMDBMovieDatabase-IMDBMovieDatabaseUITests.release.xcconfig"; sourceTree = "<group>"; };
		FD41EF7D87C822ABF8ADCE02 /* Pods_IMDBMovieDatabase.framework */ = {isa = PBXFileReference; explicitFileType = wrapper.framework; includeInIndex = 0; path = Pods_IMDBMovieDatabase.framework; sourceTree = BUILT_PRODUCTS_DIR; };
/* End PBXFileReference section */

/* Begin PBXFrameworksBuildPhase section */
		5B3A5A5E2791743D00781CDC /* Frameworks */ = {
			isa = PBXFrameworksBuildPhase;
			buildActionMask = 2147483647;
			files = (
				6A547D9CE0C35065E18183AD /* Pods_IMDBMovieDatabase.framework in Frameworks */,
			);
			runOnlyForDeploymentPostprocessing = 0;
		};
		5B3A5A742791744300781CDC /* Frameworks */ = {
			isa = PBXFrameworksBuildPhase;
			buildActionMask = 2147483647;
			files = (
				B4A6079B00B07384FFCE0E85 /* Pods_IMDBMovieDatabaseTests.framework in Frameworks */,
			);
			runOnlyForDeploymentPostprocessing = 0;
		};
		5B3A5A7F2791744300781CDC /* Frameworks */ = {
			isa = PBXFrameworksBuildPhase;
			buildActionMask = 2147483647;
			files = (
				9452DE1382D02E81D71365A2 /* Pods_IMDBMovieDatabase_IMDBMovieDatabaseUITests.framework in Frameworks */,
			);
			runOnlyForDeploymentPostprocessing = 0;
		};
/* End PBXFrameworksBuildPhase section */

/* Begin PBXGroup section */
		5B067CE127923FFE00265B36 /* FailureView */ = {
			isa = PBXGroup;
			children = (
				5B067CE227923FFE00265B36 /* FailureView.swift */,
				5B067CE327923FFE00265B36 /* FailureView.xib */,
			);
			path = FailureView;
			sourceTree = "<group>";
		};
		5B3A5A582791743D00781CDC = {
			isa = PBXGroup;
			children = (
				5B3A5A632791743D00781CDC /* IMDBMovieDatabase */,
				5B3A5A7A2791744300781CDC /* IMDBMovieDatabaseTests */,
				5B3A5A852791744300781CDC /* IMDBMovieDatabaseUITests */,
				5B3A5A622791743D00781CDC /* Products */,
				E3C33952E3F893AADEAEAD81 /* Pods */,
				9491A0523E5CFBC3A3987002 /* Frameworks */,
			);
			sourceTree = "<group>";
		};
		5B3A5A622791743D00781CDC /* Products */ = {
			isa = PBXGroup;
			children = (
				5B3A5A612791743D00781CDC /* IMDBMovieDatabase.app */,
				5B3A5A772791744300781CDC /* IMDBMovieDatabaseTests.xctest */,
				5B3A5A822791744300781CDC /* IMDBMovieDatabaseUITests.xctest */,
			);
			name = Products;
			sourceTree = "<group>";
		};
		5B3A5A632791743D00781CDC /* IMDBMovieDatabase */ = {
			isa = PBXGroup;
			children = (
				5B600A5927918A5200AD53DB /* Main */,
				5BC03B8A27917BFD00A64268 /* Extensions */,
				5BC03B7927917B2D00A64268 /* Common */,
				5BC03B7827917AFC00A64268 /* Application */,
				5BC03B7727917AEC00A64268 /* Config */,
				5B3A5A682791743D00781CDC /* ViewController.swift */,
				5B3A5A6A2791743D00781CDC /* Main.storyboard */,
				5B3A5A6D2791744200781CDC /* Assets.xcassets */,
				5B3A5A6F2791744300781CDC /* LaunchScreen.storyboard */,
			);
			path = IMDBMovieDatabase;
			sourceTree = "<group>";
		};
		5B3A5A7A2791744300781CDC /* IMDBMovieDatabaseTests */ = {
			isa = PBXGroup;
			children = (
				5B3A5A7B2791744300781CDC /* IMDBMovieDatabaseTests.swift */,
				5B3A5A7D2791744300781CDC /* Info.plist */,
			);
			path = IMDBMovieDatabaseTests;
			sourceTree = "<group>";
		};
		5B3A5A852791744300781CDC /* IMDBMovieDatabaseUITests */ = {
			isa = PBXGroup;
			children = (
				5B3A5A862791744300781CDC /* IMDBMovieDatabaseUITests.swift */,
				5B3A5A882791744300781CDC /* Info.plist */,
			);
			path = IMDBMovieDatabaseUITests;
			sourceTree = "<group>";
		};
		5B600A5927918A5200AD53DB /* Main */ = {
			isa = PBXGroup;
			children = (
				5B600A5A27918A5B00AD53DB /* MoviesList */,
			);
			path = Main;
			sourceTree = "<group>";
		};
		5B600A5A27918A5B00AD53DB /* MoviesList */ = {
			isa = PBXGroup;
			children = (
				5B600A5D27918AE300AD53DB /* ViewModels */,
				5B600A5C27918AD800AD53DB /* Controllers */,
				5B600A5B27918ACA00AD53DB /* Views */,
			);
			path = MoviesList;
			sourceTree = "<group>";
		};
		5B600A5B27918ACA00AD53DB /* Views */ = {
			isa = PBXGroup;
			children = (
				5B600A682791923400AD53DB /* MovieTableViewCell.xib */,
				5B600A5F27918B0A00AD53DB /* MoviesListViewController.xib */,
			);
			path = Views;
			sourceTree = "<group>";
		};
		5B600A5C27918AD800AD53DB /* Controllers */ = {
			isa = PBXGroup;
			children = (
				5B067CE127923FFE00265B36 /* FailureView */,
				5B600A672791923400AD53DB /* MovieTableViewCell.swift */,
				5B600A5E27918B0A00AD53DB /* MoviesListViewController.swift */,
			);
			path = Controllers;
			sourceTree = "<group>";
		};
		5B600A5D27918AE300AD53DB /* ViewModels */ = {
			isa = PBXGroup;
			children = (
				5B600A8C2792150300AD53DB /* MoviesListViewModel.swift */,
			);
			path = ViewModels;
			sourceTree = "<group>";
		};
		5B600A832791E62100AD53DB /* NetworkManager */ = {
			isa = PBXGroup;
			children = (
				5B600A842791E63400AD53DB /* NetworkManager.swift */,
				5B600A912792186400AD53DB /* MoviesNetworkManager.swift */,
			);
			path = NetworkManager;
			sourceTree = "<group>";
		};
		5BC03B7727917AEC00A64268 /* Config */ = {
			isa = PBXGroup;
			children = (
				5B3A5A722791744300781CDC /* Info.plist */,
			);
			path = Config;
			sourceTree = "<group>";
		};
		5BC03B7827917AFC00A64268 /* Application */ = {
			isa = PBXGroup;
			children = (
				5B3A5A642791743D00781CDC /* AppDelegate.swift */,
				5B600A762791CF4400AD53DB /* APIKey.swift */,
				5B600A7B2791D1AF00AD53DB /* APIKeys.plist */,
			);
			path = Application;
			sourceTree = "<group>";
		};
		5BC03B7927917B2D00A64268 /* Common */ = {
			isa = PBXGroup;
			children = (
				5BFA33FD2793230F00BA0150 /* Repo */,
				5BC03BA22791833200A64268 /* Models */,
				5BC03B7A27917B6300A64268 /* NetworkLayer */,
			);
			path = Common;
			sourceTree = "<group>";
		};
		5BC03B7A27917B6300A64268 /* NetworkLayer */ = {
			isa = PBXGroup;
			children = (
				5B600A832791E62100AD53DB /* NetworkManager */,
				5BC03B8527917BE800A64268 /* NetworkError.swift */,
				5BC03B8027917BDA00A64268 /* Connectivity.swift */,
				5BC03B7B27917B7E00A64268 /* ImdbAPI.swift */,
			);
			path = NetworkLayer;
			sourceTree = "<group>";
		};
		5BC03B8A27917BFD00A64268 /* Extensions */ = {
			isa = PBXGroup;
			children = (
				5BC03B8B27917C1400A64268 /* Extensions.swift */,
				5B600A6E2791A3A400AD53DB /* Reusable.swift */,
			);
			path = Extensions;
			sourceTree = "<group>";
		};
		5BC03BA22791833200A64268 /* Models */ = {
			isa = PBXGroup;
			children = (
				5BC03BA32791834900A64268 /* Movie.swift */,
			);
			path = Models;
			sourceTree = "<group>";
		};
		5BFA33FD2793230F00BA0150 /* Repo */ = {
			isa = PBXGroup;
			children = (
				5BFA33FE2793232500BA0150 /* MoviesRepo.swift */,
			);
			path = Repo;
			sourceTree = "<group>";
		};
		9491A0523E5CFBC3A3987002 /* Frameworks */ = {
			isa = PBXGroup;
			children = (
				FD41EF7D87C822ABF8ADCE02 /* Pods_IMDBMovieDatabase.framework */,
				53F2809DC593A0984411E7BE /* Pods_IMDBMovieDatabase_IMDBMovieDatabaseUITests.framework */,
				CE1CF8F6308BA8DA20751F29 /* Pods_IMDBMovieDatabaseTests.framework */,
			);
			name = Frameworks;
			sourceTree = "<group>";
		};
		E3C33952E3F893AADEAEAD81 /* Pods */ = {
			isa = PBXGroup;
			children = (
				9E9CB4AADF59DF6128ACDEA0 /* Pods-IMDBMovieDatabase.debug.xcconfig */,
				6CCDCD907D50509FF58DC6F2 /* Pods-IMDBMovieDatabase.release.xcconfig */,
				20D2654B65A271BAB6E04802 /* Pods-IMDBMovieDatabase-IMDBMovieDatabaseUITests.debug.xcconfig */,
				F9F01A2299C5ECE969D4FC74 /* Pods-IMDBMovieDatabase-IMDBMovieDatabaseUITests.release.xcconfig */,
				D67B65C5D4B14DD6276F7909 /* Pods-IMDBMovieDatabaseTests.debug.xcconfig */,
				595C4585B1AAB9D2522D69D7 /* Pods-IMDBMovieDatabaseTests.release.xcconfig */,
			);
			path = Pods;
			sourceTree = "<group>";
		};
/* End PBXGroup section */

/* Begin PBXNativeTarget section */
		5B3A5A602791743D00781CDC /* IMDBMovieDatabase */ = {
			isa = PBXNativeTarget;
			buildConfigurationList = 5B3A5A8B2791744300781CDC /* Build configuration list for PBXNativeTarget "IMDBMovieDatabase" */;
			buildPhases = (
				1318D082301ACE15D8367146 /* [CP] Check Pods Manifest.lock */,
				5B3A5A5D2791743D00781CDC /* Sources */,
				5B3A5A5E2791743D00781CDC /* Frameworks */,
				5B3A5A5F2791743D00781CDC /* Resources */,
				E6A152472DEAEC349C3F4DC7 /* [CP] Embed Pods Frameworks */,
			);
			buildRules = (
			);
			dependencies = (
			);
			name = IMDBMovieDatabase;
			productName = IMDBMovieDatabase;
			productReference = 5B3A5A612791743D00781CDC /* IMDBMovieDatabase.app */;
			productType = "com.apple.product-type.application";
		};
		5B3A5A762791744300781CDC /* IMDBMovieDatabaseTests */ = {
			isa = PBXNativeTarget;
			buildConfigurationList = 5B3A5A8E2791744300781CDC /* Build configuration list for PBXNativeTarget "IMDBMovieDatabaseTests" */;
			buildPhases = (
				60CE3FB3C41813DA07B01198 /* [CP] Check Pods Manifest.lock */,
				5B3A5A732791744300781CDC /* Sources */,
				5B3A5A742791744300781CDC /* Frameworks */,
				5B3A5A752791744300781CDC /* Resources */,
			);
			buildRules = (
			);
			dependencies = (
				5B3A5A792791744300781CDC /* PBXTargetDependency */,
			);
			name = IMDBMovieDatabaseTests;
			productName = IMDBMovieDatabaseTests;
			productReference = 5B3A5A772791744300781CDC /* IMDBMovieDatabaseTests.xctest */;
			productType = "com.apple.product-type.bundle.unit-test";
		};
		5B3A5A812791744300781CDC /* IMDBMovieDatabaseUITests */ = {
			isa = PBXNativeTarget;
			buildConfigurationList = 5B3A5A912791744300781CDC /* Build configuration list for PBXNativeTarget "IMDBMovieDatabaseUITests" */;
			buildPhases = (
				0DF76F56447BC7A2F02308D7 /* [CP] Check Pods Manifest.lock */,
				5B3A5A7E2791744300781CDC /* Sources */,
				5B3A5A7F2791744300781CDC /* Frameworks */,
				5B3A5A802791744300781CDC /* Resources */,
				C1FA21CECED69BB3C9E82F7A /* [CP] Embed Pods Frameworks */,
			);
			buildRules = (
			);
			dependencies = (
				5B3A5A842791744300781CDC /* PBXTargetDependency */,
			);
			name = IMDBMovieDatabaseUITests;
			productName = IMDBMovieDatabaseUITests;
			productReference = 5B3A5A822791744300781CDC /* IMDBMovieDatabaseUITests.xctest */;
			productType = "com.apple.product-type.bundle.ui-testing";
		};
/* End PBXNativeTarget section */

/* Begin PBXProject section */
		5B3A5A592791743D00781CDC /* Project object */ = {
			isa = PBXProject;
			attributes = {
				LastSwiftUpdateCheck = 1240;
				LastUpgradeCheck = 1240;
				TargetAttributes = {
					5B3A5A602791743D00781CDC = {
						CreatedOnToolsVersion = 12.4;
					};
					5B3A5A762791744300781CDC = {
						CreatedOnToolsVersion = 12.4;
						TestTargetID = 5B3A5A602791743D00781CDC;
					};
					5B3A5A812791744300781CDC = {
						CreatedOnToolsVersion = 12.4;
						TestTargetID = 5B3A5A602791743D00781CDC;
					};
				};
			};
			buildConfigurationList = 5B3A5A5C2791743D00781CDC /* Build configuration list for PBXProject "IMDBMovieDatabase" */;
			compatibilityVersion = "Xcode 9.3";
			developmentRegion = en;
			hasScannedForEncodings = 0;
			knownRegions = (
				en,
				Base,
			);
			mainGroup = 5B3A5A582791743D00781CDC;
			productRefGroup = 5B3A5A622791743D00781CDC /* Products */;
			projectDirPath = "";
			projectRoot = "";
			targets = (
				5B3A5A602791743D00781CDC /* IMDBMovieDatabase */,
				5B3A5A762791744300781CDC /* IMDBMovieDatabaseTests */,
				5B3A5A812791744300781CDC /* IMDBMovieDatabaseUITests */,
			);
		};
/* End PBXProject section */

/* Begin PBXResourcesBuildPhase section */
		5B3A5A5F2791743D00781CDC /* Resources */ = {
			isa = PBXResourcesBuildPhase;
			buildActionMask = 2147483647;
			files = (
				5B3A5A712791744300781CDC /* LaunchScreen.storyboard in Resources */,
				5B600A6A2791923400AD53DB /* MovieTableViewCell.xib in Resources */,
				5B3A5A6E2791744200781CDC /* Assets.xcassets in Resources */,
				5B067CE527923FFE00265B36 /* FailureView.xib in Resources */,
				5B600A7C2791D1AF00AD53DB /* APIKeys.plist in Resources */,
				5B3A5A6C2791743D00781CDC /* Main.storyboard in Resources */,
				5B600A6127918B0A00AD53DB /* MoviesListViewController.xib in Resources */,
			);
			runOnlyForDeploymentPostprocessing = 0;
		};
		5B3A5A752791744300781CDC /* Resources */ = {
			isa = PBXResourcesBuildPhase;
			buildActionMask = 2147483647;
			files = (
			);
			runOnlyForDeploymentPostprocessing = 0;
		};
		5B3A5A802791744300781CDC /* Resources */ = {
			isa = PBXResourcesBuildPhase;
			buildActionMask = 2147483647;
			files = (
			);
			runOnlyForDeploymentPostprocessing = 0;
		};
/* End PBXResourcesBuildPhase section */

/* Begin PBXShellScriptBuildPhase section */
		0DF76F56447BC7A2F02308D7 /* [CP] Check Pods Manifest.lock */ = {
			isa = PBXShellScriptBuildPhase;
			buildActionMask = 2147483647;
			files = (
			);
			inputFileListPaths = (
			);
			inputPaths = (
				"${PODS_PODFILE_DIR_PATH}/Podfile.lock",
				"${PODS_ROOT}/Manifest.lock",
			);
			name = "[CP] Check Pods Manifest.lock";
			outputFileListPaths = (
			);
			outputPaths = (
				"$(DERIVED_FILE_DIR)/Pods-IMDBMovieDatabase-IMDBMovieDatabaseUITests-checkManifestLockResult.txt",
			);
			runOnlyForDeploymentPostprocessing = 0;
			shellPath = /bin/sh;
			shellScript = "diff \"${PODS_PODFILE_DIR_PATH}/Podfile.lock\" \"${PODS_ROOT}/Manifest.lock\" > /dev/null\nif [ $? != 0 ] ; then\n    # print error to STDERR\n    echo \"error: The sandbox is not in sync with the Podfile.lock. Run 'pod install' or update your CocoaPods installation.\" >&2\n    exit 1\nfi\n# This output is used by Xcode 'outputs' to avoid re-running this script phase.\necho \"SUCCESS\" > \"${SCRIPT_OUTPUT_FILE_0}\"\n";
			showEnvVarsInLog = 0;
		};
		1318D082301ACE15D8367146 /* [CP] Check Pods Manifest.lock */ = {
			isa = PBXShellScriptBuildPhase;
			buildActionMask = 2147483647;
			files = (
			);
			inputFileListPaths = (
			);
			inputPaths = (
				"${PODS_PODFILE_DIR_PATH}/Podfile.lock",
				"${PODS_ROOT}/Manifest.lock",
			);
			name = "[CP] Check Pods Manifest.lock";
			outputFileListPaths = (
			);
			outputPaths = (
				"$(DERIVED_FILE_DIR)/Pods-IMDBMovieDatabase-checkManifestLockResult.txt",
			);
			runOnlyForDeploymentPostprocessing = 0;
			shellPath = /bin/sh;
			shellScript = "diff \"${PODS_PODFILE_DIR_PATH}/Podfile.lock\" \"${PODS_ROOT}/Manifest.lock\" > /dev/null\nif [ $? != 0 ] ; then\n    # print error to STDERR\n    echo \"error: The sandbox is not in sync with the Podfile.lock. Run 'pod install' or update your CocoaPods installation.\" >&2\n    exit 1\nfi\n# This output is used by Xcode 'outputs' to avoid re-running this script phase.\necho \"SUCCESS\" > \"${SCRIPT_OUTPUT_FILE_0}\"\n";
			showEnvVarsInLog = 0;
		};
		60CE3FB3C41813DA07B01198 /* [CP] Check Pods Manifest.lock */ = {
			isa = PBXShellScriptBuildPhase;
			buildActionMask = 2147483647;
			files = (
			);
			inputFileListPaths = (
			);
			inputPaths = (
				"${PODS_PODFILE_DIR_PATH}/Podfile.lock",
				"${PODS_ROOT}/Manifest.lock",
			);
			name = "[CP] Check Pods Manifest.lock";
			outputFileListPaths = (
			);
			outputPaths = (
				"$(DERIVED_FILE_DIR)/Pods-IMDBMovieDatabaseTests-checkManifestLockResult.txt",
			);
			runOnlyForDeploymentPostprocessing = 0;
			shellPath = /bin/sh;
			shellScript = "diff \"${PODS_PODFILE_DIR_PATH}/Podfile.lock\" \"${PODS_ROOT}/Manifest.lock\" > /dev/null\nif [ $? != 0 ] ; then\n    # print error to STDERR\n    echo \"error: The sandbox is not in sync with the Podfile.lock. Run 'pod install' or update your CocoaPods installation.\" >&2\n    exit 1\nfi\n# This output is used by Xcode 'outputs' to avoid re-running this script phase.\necho \"SUCCESS\" > \"${SCRIPT_OUTPUT_FILE_0}\"\n";
			showEnvVarsInLog = 0;
		};
		C1FA21CECED69BB3C9E82F7A /* [CP] Embed Pods Frameworks */ = {
			isa = PBXShellScriptBuildPhase;
			buildActionMask = 2147483647;
			files = (
			);
			inputFileListPaths = (
				"${PODS_ROOT}/Target Support Files/Pods-IMDBMovieDatabase-IMDBMovieDatabaseUITests/Pods-IMDBMovieDatabase-IMDBMovieDatabaseUITests-frameworks-${CONFIGURATION}-input-files.xcfilelist",
			);
			name = "[CP] Embed Pods Frameworks";
			outputFileListPaths = (
				"${PODS_ROOT}/Target Support Files/Pods-IMDBMovieDatabase-IMDBMovieDatabaseUITests/Pods-IMDBMovieDatabase-IMDBMovieDatabaseUITests-frameworks-${CONFIGURATION}-output-files.xcfilelist",
			);
			runOnlyForDeploymentPostprocessing = 0;
			shellPath = /bin/sh;
			shellScript = "\"${PODS_ROOT}/Target Support Files/Pods-IMDBMovieDatabase-IMDBMovieDatabaseUITests/Pods-IMDBMovieDatabase-IMDBMovieDatabaseUITests-frameworks.sh\"\n";
			showEnvVarsInLog = 0;
		};
		E6A152472DEAEC349C3F4DC7 /* [CP] Embed Pods Frameworks */ = {
			isa = PBXShellScriptBuildPhase;
			buildActionMask = 2147483647;
			files = (
			);
			inputFileListPaths = (
				"${PODS_ROOT}/Target Support Files/Pods-IMDBMovieDatabase/Pods-IMDBMovieDatabase-frameworks-${CONFIGURATION}-input-files.xcfilelist",
			);
			name = "[CP] Embed Pods Frameworks";
			outputFileListPaths = (
				"${PODS_ROOT}/Target Support Files/Pods-IMDBMovieDatabase/Pods-IMDBMovieDatabase-frameworks-${CONFIGURATION}-output-files.xcfilelist",
			);
			runOnlyForDeploymentPostprocessing = 0;
			shellPath = /bin/sh;
			shellScript = "\"${PODS_ROOT}/Target Support Files/Pods-IMDBMovieDatabase/Pods-IMDBMovieDatabase-frameworks.sh\"\n";
			showEnvVarsInLog = 0;
		};
/* End PBXShellScriptBuildPhase section */

/* Begin PBXSourcesBuildPhase section */
		5B3A5A5D2791743D00781CDC /* Sources */ = {
			isa = PBXSourcesBuildPhase;
			buildActionMask = 2147483647;
			files = (
				5BC03BA42791834900A64268 /* Movie.swift in Sources */,
				5B600A852791E63400AD53DB /* NetworkManager.swift in Sources */,
				5B067CE427923FFE00265B36 /* FailureView.swift in Sources */,
				5BC03B8127917BDA00A64268 /* Connectivity.swift in Sources */,
				5BFA33FF2793232500BA0150 /* MoviesRepo.swift in Sources */,
				5B600A692791923400AD53DB /* MovieTableViewCell.swift in Sources */,
				5BC03B8C27917C1400A64268 /* Extensions.swift in Sources */,
				5B600A6F2791A3A400AD53DB /* Reusable.swift in Sources */,
				5B3A5A692791743D00781CDC /* ViewController.swift in Sources */,
				5B600A922792186400AD53DB /* MoviesNetworkManager.swift in Sources */,
				5B600A8D2792150300AD53DB /* MoviesListViewModel.swift in Sources */,
				5BC03B7C27917B7E00A64268 /* ImdbAPI.swift in Sources */,
				5B3A5A652791743D00781CDC /* AppDelegate.swift in Sources */,
				5BC03B8627917BE800A64268 /* NetworkError.swift in Sources */,
				5B600A772791CF4400AD53DB /* APIKey.swift in Sources */,
				5B600A6027918B0A00AD53DB /* MoviesListViewController.swift in Sources */,
			);
			runOnlyForDeploymentPostprocessing = 0;
		};
		5B3A5A732791744300781CDC /* Sources */ = {
			isa = PBXSourcesBuildPhase;
			buildActionMask = 2147483647;
			files = (
				5B3A5A7C2791744300781CDC /* IMDBMovieDatabaseTests.swift in Sources */,
			);
			runOnlyForDeploymentPostprocessing = 0;
		};
		5B3A5A7E2791744300781CDC /* Sources */ = {
			isa = PBXSourcesBuildPhase;
			buildActionMask = 2147483647;
			files = (
				5B3A5A872791744300781CDC /* IMDBMovieDatabaseUITests.swift in Sources */,
			);
			runOnlyForDeploymentPostprocessing = 0;
		};
/* End PBXSourcesBuildPhase section */

/* Begin PBXTargetDependency section */
		5B3A5A792791744300781CDC /* PBXTargetDependency */ = {
			isa = PBXTargetDependency;
			target = 5B3A5A602791743D00781CDC /* IMDBMovieDatabase */;
			targetProxy = 5B3A5A782791744300781CDC /* PBXContainerItemProxy */;
		};
		5B3A5A842791744300781CDC /* PBXTargetDependency */ = {
			isa = PBXTargetDependency;
			target = 5B3A5A602791743D00781CDC /* IMDBMovieDatabase */;
			targetProxy = 5B3A5A832791744300781CDC /* PBXContainerItemProxy */;
		};
/* End PBXTargetDependency section */

/* Begin PBXVariantGroup section */
		5B3A5A6A2791743D00781CDC /* Main.storyboard */ = {
			isa = PBXVariantGroup;
			children = (
				5B3A5A6B2791743D00781CDC /* Base */,
			);
			name = Main.storyboard;
			sourceTree = "<group>";
		};
		5B3A5A6F2791744300781CDC /* LaunchScreen.storyboard */ = {
			isa = PBXVariantGroup;
			children = (
				5B3A5A702791744300781CDC /* Base */,
			);
			name = LaunchScreen.storyboard;
			sourceTree = "<group>";
		};
/* End PBXVariantGroup section */

/* Begin XCBuildConfiguration section */
		5B3A5A892791744300781CDC /* Debug */ = {
			isa = XCBuildConfiguration;
			buildSettings = {
				ALWAYS_SEARCH_USER_PATHS = NO;
				CLANG_ANALYZER_NONNULL = YES;
				CLANG_ANALYZER_NUMBER_OBJECT_CONVERSION = YES_AGGRESSIVE;
				CLANG_CXX_LANGUAGE_STANDARD = "gnu++14";
				CLANG_CXX_LIBRARY = "libc++";
				CLANG_ENABLE_MODULES = YES;
				CLANG_ENABLE_OBJC_ARC = YES;
				CLANG_ENABLE_OBJC_WEAK = YES;
				CLANG_WARN_BLOCK_CAPTURE_AUTORELEASING = YES;
				CLANG_WARN_BOOL_CONVERSION = YES;
				CLANG_WARN_COMMA = YES;
				CLANG_WARN_CONSTANT_CONVERSION = YES;
				CLANG_WARN_DEPRECATED_OBJC_IMPLEMENTATIONS = YES;
				CLANG_WARN_DIRECT_OBJC_ISA_USAGE = YES_ERROR;
				CLANG_WARN_DOCUMENTATION_COMMENTS = YES;
				CLANG_WARN_EMPTY_BODY = YES;
				CLANG_WARN_ENUM_CONVERSION = YES;
				CLANG_WARN_INFINITE_RECURSION = YES;
				CLANG_WARN_INT_CONVERSION = YES;
				CLANG_WARN_NON_LITERAL_NULL_CONVERSION = YES;
				CLANG_WARN_OBJC_IMPLICIT_RETAIN_SELF = YES;
				CLANG_WARN_OBJC_LITERAL_CONVERSION = YES;
				CLANG_WARN_OBJC_ROOT_CLASS = YES_ERROR;
				CLANG_WARN_QUOTED_INCLUDE_IN_FRAMEWORK_HEADER = YES;
				CLANG_WARN_RANGE_LOOP_ANALYSIS = YES;
				CLANG_WARN_STRICT_PROTOTYPES = YES;
				CLANG_WARN_SUSPICIOUS_MOVE = YES;
				CLANG_WARN_UNGUARDED_AVAILABILITY = YES_AGGRESSIVE;
				CLANG_WARN_UNREACHABLE_CODE = YES;
				CLANG_WARN__DUPLICATE_METHOD_MATCH = YES;
				COPY_PHASE_STRIP = NO;
				DEBUG_INFORMATION_FORMAT = dwarf;
				ENABLE_STRICT_OBJC_MSGSEND = YES;
				ENABLE_TESTABILITY = YES;
				GCC_C_LANGUAGE_STANDARD = gnu11;
				GCC_DYNAMIC_NO_PIC = NO;
				GCC_NO_COMMON_BLOCKS = YES;
				GCC_OPTIMIZATION_LEVEL = 0;
				GCC_PREPROCESSOR_DEFINITIONS = (
					"DEBUG=1",
					"$(inherited)",
				);
				GCC_WARN_64_TO_32_BIT_CONVERSION = YES;
				GCC_WARN_ABOUT_RETURN_TYPE = YES_ERROR;
				GCC_WARN_UNDECLARED_SELECTOR = YES;
				GCC_WARN_UNINITIALIZED_AUTOS = YES_AGGRESSIVE;
				GCC_WARN_UNUSED_FUNCTION = YES;
				GCC_WARN_UNUSED_VARIABLE = YES;
				IPHONEOS_DEPLOYMENT_TARGET = 14.4;
				MTL_ENABLE_DEBUG_INFO = INCLUDE_SOURCE;
				MTL_FAST_MATH = YES;
				ONLY_ACTIVE_ARCH = YES;
				SDKROOT = iphoneos;
				SWIFT_ACTIVE_COMPILATION_CONDITIONS = DEBUG;
				SWIFT_OPTIMIZATION_LEVEL = "-Onone";
			};
			name = Debug;
		};
		5B3A5A8A2791744300781CDC /* Release */ = {
			isa = XCBuildConfiguration;
			buildSettings = {
				ALWAYS_SEARCH_USER_PATHS = NO;
				CLANG_ANALYZER_NONNULL = YES;
				CLANG_ANALYZER_NUMBER_OBJECT_CONVERSION = YES_AGGRESSIVE;
				CLANG_CXX_LANGUAGE_STANDARD = "gnu++14";
				CLANG_CXX_LIBRARY = "libc++";
				CLANG_ENABLE_MODULES = YES;
				CLANG_ENABLE_OBJC_ARC = YES;
				CLANG_ENABLE_OBJC_WEAK = YES;
				CLANG_WARN_BLOCK_CAPTURE_AUTORELEASING = YES;
				CLANG_WARN_BOOL_CONVERSION = YES;
				CLANG_WARN_COMMA = YES;
				CLANG_WARN_CONSTANT_CONVERSION = YES;
				CLANG_WARN_DEPRECATED_OBJC_IMPLEMENTATIONS = YES;
				CLANG_WARN_DIRECT_OBJC_ISA_USAGE = YES_ERROR;
				CLANG_WARN_DOCUMENTATION_COMMENTS = YES;
				CLANG_WARN_EMPTY_BODY = YES;
				CLANG_WARN_ENUM_CONVERSION = YES;
				CLANG_WARN_INFINITE_RECURSION = YES;
				CLANG_WARN_INT_CONVERSION = YES;
				CLANG_WARN_NON_LITERAL_NULL_CONVERSION = YES;
				CLANG_WARN_OBJC_IMPLICIT_RETAIN_SELF = YES;
				CLANG_WARN_OBJC_LITERAL_CONVERSION = YES;
				CLANG_WARN_OBJC_ROOT_CLASS = YES_ERROR;
				CLANG_WARN_QUOTED_INCLUDE_IN_FRAMEWORK_HEADER = YES;
				CLANG_WARN_RANGE_LOOP_ANALYSIS = YES;
				CLANG_WARN_STRICT_PROTOTYPES = YES;
				CLANG_WARN_SUSPICIOUS_MOVE = YES;
				CLANG_WARN_UNGUARDED_AVAILABILITY = YES_AGGRESSIVE;
				CLANG_WARN_UNREACHABLE_CODE = YES;
				CLANG_WARN__DUPLICATE_METHOD_MATCH = YES;
				COPY_PHASE_STRIP = NO;
				DEBUG_INFORMATION_FORMAT = "dwarf-with-dsym";
				ENABLE_NS_ASSERTIONS = NO;
				ENABLE_STRICT_OBJC_MSGSEND = YES;
				GCC_C_LANGUAGE_STANDARD = gnu11;
				GCC_NO_COMMON_BLOCKS = YES;
				GCC_WARN_64_TO_32_BIT_CONVERSION = YES;
				GCC_WARN_ABOUT_RETURN_TYPE = YES_ERROR;
				GCC_WARN_UNDECLARED_SELECTOR = YES;
				GCC_WARN_UNINITIALIZED_AUTOS = YES_AGGRESSIVE;
				GCC_WARN_UNUSED_FUNCTION = YES;
				GCC_WARN_UNUSED_VARIABLE = YES;
				IPHONEOS_DEPLOYMENT_TARGET = 14.4;
				MTL_ENABLE_DEBUG_INFO = NO;
				MTL_FAST_MATH = YES;
				SDKROOT = iphoneos;
				SWIFT_COMPILATION_MODE = wholemodule;
				SWIFT_OPTIMIZATION_LEVEL = "-O";
				VALIDATE_PRODUCT = YES;
			};
			name = Release;
		};
		5B3A5A8C2791744300781CDC /* Debug */ = {
			isa = XCBuildConfiguration;
			baseConfigurationReference = 9E9CB4AADF59DF6128ACDEA0 /* Pods-IMDBMovieDatabase.debug.xcconfig */;
			buildSettings = {
				ASSETCATALOG_COMPILER_APPICON_NAME = AppIcon;
				ASSETCATALOG_COMPILER_GLOBAL_ACCENT_COLOR_NAME = AccentColor;
				CODE_SIGN_STYLE = Automatic;
				DEVELOPMENT_TEAM = D4B6JH96D6;
				INFOPLIST_FILE = IMDBMovieDatabase/Config/Info.plist;
				LD_RUNPATH_SEARCH_PATHS = (
					"$(inherited)",
					"@executable_path/Frameworks",
				);
				PRODUCT_BUNDLE_IDENTIFIER = CreditFins.IMDBMovieDatabase;
				PRODUCT_NAME = "$(TARGET_NAME)";
				SWIFT_VERSION = 5.0;
				TARGETED_DEVICE_FAMILY = "1,2";
			};
			name = Debug;
		};
		5B3A5A8D2791744300781CDC /* Release */ = {
			isa = XCBuildConfiguration;
			baseConfigurationReference = 6CCDCD907D50509FF58DC6F2 /* Pods-IMDBMovieDatabase.release.xcconfig */;
			buildSettings = {
				ASSETCATALOG_COMPILER_APPICON_NAME = AppIcon;
				ASSETCATALOG_COMPILER_GLOBAL_ACCENT_COLOR_NAME = AccentColor;
				CODE_SIGN_STYLE = Automatic;
				DEVELOPMENT_TEAM = D4B6JH96D6;
				INFOPLIST_FILE = IMDBMovieDatabase/Config/Info.plist;
				LD_RUNPATH_SEARCH_PATHS = (
					"$(inherited)",
					"@executable_path/Frameworks",
				);
				PRODUCT_BUNDLE_IDENTIFIER = CreditFins.IMDBMovieDatabase;
				PRODUCT_NAME = "$(TARGET_NAME)";
				SWIFT_VERSION = 5.0;
				TARGETED_DEVICE_FAMILY = "1,2";
			};
			name = Release;
		};
		5B3A5A8F2791744300781CDC /* Debug */ = {
			isa = XCBuildConfiguration;
			baseConfigurationReference = D67B65C5D4B14DD6276F7909 /* Pods-IMDBMovieDatabaseTests.debug.xcconfig */;
			buildSettings = {
				ALWAYS_EMBED_SWIFT_STANDARD_LIBRARIES = YES;
				BUNDLE_LOADER = "$(TEST_HOST)";
				CODE_SIGN_STYLE = Automatic;
				DEVELOPMENT_TEAM = D4B6JH96D6;
				INFOPLIST_FILE = IMDBMovieDatabaseTests/Info.plist;
				IPHONEOS_DEPLOYMENT_TARGET = 14.4;
				LD_RUNPATH_SEARCH_PATHS = (
					"$(inherited)",
					"@executable_path/Frameworks",
					"@loader_path/Frameworks",
				);
				PRODUCT_BUNDLE_IDENTIFIER = CreditFins.IMDBMovieDatabaseTests;
				PRODUCT_NAME = "$(TARGET_NAME)";
				SWIFT_VERSION = 5.0;
				TARGETED_DEVICE_FAMILY = "1,2";
				TEST_HOST = "$(BUILT_PRODUCTS_DIR)/IMDBMovieDatabase.app/IMDBMovieDatabase";
			};
			name = Debug;
		};
		5B3A5A902791744300781CDC /* Release */ = {
			isa = XCBuildConfiguration;
			baseConfigurationReference = 595C4585B1AAB9D2522D69D7 /* Pods-IMDBMovieDatabaseTests.release.xcconfig */;
			buildSettings = {
				ALWAYS_EMBED_SWIFT_STANDARD_LIBRARIES = YES;
				BUNDLE_LOADER = "$(TEST_HOST)";
				CODE_SIGN_STYLE = Automatic;
				DEVELOPMENT_TEAM = D4B6JH96D6;
				INFOPLIST_FILE = IMDBMovieDatabaseTests/Info.plist;
				IPHONEOS_DEPLOYMENT_TARGET = 14.4;
				LD_RUNPATH_SEARCH_PATHS = (
					"$(inherited)",
					"@executable_path/Frameworks",
					"@loader_path/Frameworks",
				);
				PRODUCT_BUNDLE_IDENTIFIER = CreditFins.IMDBMovieDatabaseTests;
				PRODUCT_NAME = "$(TARGET_NAME)";
				SWIFT_VERSION = 5.0;
				TARGETED_DEVICE_FAMILY = "1,2";
				TEST_HOST = "$(BUILT_PRODUCTS_DIR)/IMDBMovieDatabase.app/IMDBMovieDatabase";
			};
			name = Release;
		};
		5B3A5A922791744300781CDC /* Debug */ = {
			isa = XCBuildConfiguration;
			baseConfigurationReference = 20D2654B65A271BAB6E04802 /* Pods-IMDBMovieDatabase-IMDBMovieDatabaseUITests.debug.xcconfig */;
			buildSettings = {
				ALWAYS_EMBED_SWIFT_STANDARD_LIBRARIES = YES;
				CODE_SIGN_STYLE = Automatic;
				DEVELOPMENT_TEAM = D4B6JH96D6;
				INFOPLIST_FILE = IMDBMovieDatabaseUITests/Info.plist;
				LD_RUNPATH_SEARCH_PATHS = (
					"$(inherited)",
					"@executable_path/Frameworks",
					"@loader_path/Frameworks",
				);
				PRODUCT_BUNDLE_IDENTIFIER = CreditFins.IMDBMovieDatabaseUITests;
				PRODUCT_NAME = "$(TARGET_NAME)";
				SWIFT_VERSION = 5.0;
				TARGETED_DEVICE_FAMILY = "1,2";
				TEST_TARGET_NAME = IMDBMovieDatabase;
			};
			name = Debug;
		};
		5B3A5A932791744300781CDC /* Release */ = {
			isa = XCBuildConfiguration;
			baseConfigurationReference = F9F01A2299C5ECE969D4FC74 /* Pods-IMDBMovieDatabase-IMDBMovieDatabaseUITests.release.xcconfig */;
			buildSettings = {
				ALWAYS_EMBED_SWIFT_STANDARD_LIBRARIES = YES;
				CODE_SIGN_STYLE = Automatic;
				DEVELOPMENT_TEAM = D4B6JH96D6;
				INFOPLIST_FILE = IMDBMovieDatabaseUITests/Info.plist;
				LD_RUNPATH_SEARCH_PATHS = (
					"$(inherited)",
					"@executable_path/Frameworks",
					"@loader_path/Frameworks",
				);
				PRODUCT_BUNDLE_IDENTIFIER = CreditFins.IMDBMovieDatabaseUITests;
				PRODUCT_NAME = "$(TARGET_NAME)";
				SWIFT_VERSION = 5.0;
				TARGETED_DEVICE_FAMILY = "1,2";
				TEST_TARGET_NAME = IMDBMovieDatabase;
			};
			name = Release;
		};
/* End XCBuildConfiguration section */

/* Begin XCConfigurationList section */
		5B3A5A5C2791743D00781CDC /* Build configuration list for PBXProject "IMDBMovieDatabase" */ = {
			isa = XCConfigurationList;
			buildConfigurations = (
				5B3A5A892791744300781CDC /* Debug */,
				5B3A5A8A2791744300781CDC /* Release */,
			);
			defaultConfigurationIsVisible = 0;
			defaultConfigurationName = Release;
		};
		5B3A5A8B2791744300781CDC /* Build configuration list for PBXNativeTarget "IMDBMovieDatabase" */ = {
			isa = XCConfigurationList;
			buildConfigurations = (
				5B3A5A8C2791744300781CDC /* Debug */,
				5B3A5A8D2791744300781CDC /* Release */,
			);
			defaultConfigurationIsVisible = 0;
			defaultConfigurationName = Release;
		};
		5B3A5A8E2791744300781CDC /* Build configuration list for PBXNativeTarget "IMDBMovieDatabaseTests" */ = {
			isa = XCConfigurationList;
			buildConfigurations = (
				5B3A5A8F2791744300781CDC /* Debug */,
				5B3A5A902791744300781CDC /* Release */,
			);
			defaultConfigurationIsVisible = 0;
			defaultConfigurationName = Release;
		};
		5B3A5A912791744300781CDC /* Build configuration list for PBXNativeTarget "IMDBMovieDatabaseUITests" */ = {
			isa = XCConfigurationList;
			buildConfigurations = (
				5B3A5A922791744300781CDC /* Debug */,
				5B3A5A932791744300781CDC /* Release */,
			);
			defaultConfigurationIsVisible = 0;
			defaultConfigurationName = Release;
		};
/* End XCConfigurationList section */
	};
	rootObject = 5B3A5A592791743D00781CDC /* Project object */;
}
